PODS:
  - TalkingDataAppAnalytics (4.0.55):
    - TalkingDataAppAnalytics/Basic (= 4.0.55)
  - TalkingDataAppAnalytics/Basic (4.0.55)

DEPENDENCIES:
  - TalkingDataAppAnalytics (from `.`)

EXTERNAL SOURCES:
  TalkingDataAppAnalytics:
    :path: "."

SPEC CHECKSUMS:
  TalkingDataAppAnalytics: 6f68e0d7df7ebcaae2eae163426a10b7f9c58289

PODFILE CHECKSUM: 8116799b8906b501698da2a50b9638e393d893eb

COCOAPODS: 1.9.3
