PODS:
  - TalkingDataAppAnalytics (4.0.66):
    - TalkingDataAppAnalytics/Basic (= 4.0.66)
  - TalkingDataAppAnalytics/Basic (4.0.66)

DEPENDENCIES:
  - TalkingDataAppAnalytics (from `.`)

EXTERNAL SOURCES:
  TalkingDataAppAnalytics:
    :path: "."

SPEC CHECKSUMS:
  TalkingDataAppAnalytics: 77051655986ac2bcfa7ad24cd300fb2741753c7f

PODFILE CHECKSUM: 35754c89eeba1b9b40bb4122152db7e67428c231

COCOAPODS: 1.11.2
